<?xml version="1.0" encoding="utf-8"?>
<Project ToolsVersion="17.0" xmlns="http://schemas.microsoft.com/developer/msbuild/2003">
  <ItemGroup>
    <ClCompile Include="src\basics\ZException.cpp">
      <Filter>Source Files</Filter>
    </ClCompile>
    <ClCompile Include="src\zatlab\language_fundamentals\matrices_and_arrays.cpp">
      <Filter>Source Files</Filter>
    </ClCompile>
    <ClCompile Include="src\zatlab\language_fundamentals\matrices_and_arrays_indexing.cpp">
      <Filter>Source Files</Filter>
    </ClCompile>
    <ClCompile Include="src\zatlab\language_fundamentals\operators_and_elementary_operations\arithmetic_operations.cpp">
      <Filter>Source Files</Filter>
    </ClCompile>
    <ClCompile Include="src\zatlab\data_import_and_analysis\data_import_and_export.cpp">
      <Filter>Source Files</Filter>
    </ClCompile>
    <ClCompile Include="src\zatlab\data_import_and_analysis\data_process.cpp">
      <Filter>Source Files</Filter>
    </ClCompile>
    <ClCompile Include="src\zatlab\data_import_and_analysis\descriptive_statistics.cpp">
      <Filter>Source Files</Filter>
    </ClCompile>
    <ClCompile Include="src\zatlab\mathematics\elementary_math\trigonometry.cpp">
      <Filter>Source Files</Filter>
    </ClCompile>
    <ClCompile Include="src\zatlab\mathematics\elementary_math\exponents_and_logarithms.cpp">
      <Filter>Source Files</Filter>
    </ClCompile>
    <ClCompile Include="src\zatlab\mathematics\elementary_math\constants_and_test_matrices.cpp">
      <Filter>Source Files</Filter>
    </ClCompile>
    <ClCompile Include="src\zatlab\mathematics\elementary_math\complex_numbers.cpp">
      <Filter>Source Files</Filter>
    </ClCompile>
    <ClCompile Include="src\zatlab\mathematics\random_number_generation.cpp">
      <Filter>Source Files</Filter>
    </ClCompile>
    <ClCompile Include="src\zatlab\mathematics\fourier_analysis_and_filtering.cpp">
      <Filter>Source Files</Filter>
    </ClCompile>
    <ClCompile Include="src\zatlab\mathematics\interpolation.cpp">
      <Filter>Source Files</Filter>
    </ClCompile>
  </ItemGroup>
  <ItemGroup>
    <ClInclude Include="include\zsl.h">
      <Filter>Header Files</Filter>
    </ClInclude>
    <ClInclude Include="include\basics\basics.h">
      <Filter>Header Files</Filter>
    </ClInclude>
    <ClInclude Include="include\basics\check.h">
      <Filter>Header Files</Filter>
    </ClInclude>
    <ClInclude Include="include\basics\copy_control.h">
      <Filter>Header Files</Filter>
    </ClInclude>
    <ClInclude Include="include\basics\defines.h">
      <Filter>Header Files</Filter>
    </ClInclude>
    <ClInclude Include="include\basics\ZException.h">
      <Filter>Header Files</Filter>
    </ClInclude>
    <ClInclude Include="include\zatlab\language_fundamentals\matrices_and_arrays.h">
      <Filter>Header Files</Filter>
    </ClInclude>
    <ClInclude Include="include\zatlab\language_fundamentals\operators_and_elementary_operations\arithmetic_operations.h">
      <Filter>Header Files</Filter>
    </ClInclude>
    <ClInclude Include="include\zatlab\language_fundamentals\operators_and_elementary_operations\operators_and_elementary_operations.h">
      <Filter>Header Files</Filter>
    </ClInclude>
    <ClInclude Include="include\zatlab\data_import_and_analysis\data_import_and_export.h">
      <Filter>Header Files</Filter>
    </ClInclude>
    <ClInclude Include="include\zatlab\data_import_and_analysis\data_process.h">
      <Filter>Header Files</Filter>
    </ClInclude>
    <ClInclude Include="include\zatlab\data_import_and_analysis\descriptive_statistics.h">
      <Filter>Header Files</Filter>
    </ClInclude>
    <ClInclude Include="include\zatlab\mathematics\elementary_math\trigonometry.h">
      <Filter>Header Files</Filter>
    </ClInclude>
    <ClInclude Include="include\zatlab\mathematics\elementary_math\exponents_and_logarithms.h">
      <Filter>Header Files</Filter>
    </ClInclude>
    <ClInclude Include="include\zatlab\mathematics\elementary_math\constants_and_test_matrices.h">
      <Filter>Header Files</Filter>
    </ClInclude>
    <ClInclude Include="include\zatlab\mathematics\elementary_math\complex_numbers.h">
      <Filter>Header Files</Filter>
    </ClInclude>
    <ClInclude Include="include\zatlab\mathematics\random_number_generation.h">
      <Filter>Header Files</Filter>
    </ClInclude>
    <ClInclude Include="include\zatlab\mathematics\fourier_analysis_and_filtering.h">
      <Filter>Header Files</Filter>
    </ClInclude>
    <ClInclude Include="include\zatlab\mathematics\interpolation.h">
      <Filter>Header Files</Filter>
    </ClInclude>
  </ItemGroup>
  <ItemGroup>
    <CustomBuild Include="E:\zsl\zsl\CMakeLists.txt" />
  </ItemGroup>
  <ItemGroup>
    <Filter Include="Header Files">
      <UniqueIdentifier>{189373A4-680F-3374-A1EB-55FD825E94E3}</UniqueIdentifier>
    </Filter>
    <Filter Include="Source Files">
      <UniqueIdentifier>{179B0691-C867-35D7-8F62-08C4E4F08D05}</UniqueIdentifier>
    </Filter>
  </ItemGroup>
</Project>